Microsoft Visual Studio Solution File, Format Version 11.00
# Visual Studio 2008

Project("{53833F25-469C-0328-8BA8-EF344E59B169}") = "StarArrena v6.7", "Assembly-CSharp-firstpass.csproj", "{883FB144-D3A2-48E0-5AC0-ACD048A4EE5D}"
EndProject
Project("{53833F25-469C-0328-8BA8-EF344E59B169}") = "StarArrena v6.7", "Assembly-CSharp.csproj", "{7364CB7F-B394-9C38-553B-4A57000CEB55}"
EndProject
Project("{53833F25-469C-0328-8BA8-EF344E59B169}") = "StarArrena v6.7", "Assembly-UnityScript-firstpass.unityproj", "{2DEB9057-35D1-D26E-30C9-D2B11A3BE8E7}"
EndProject
Project("{53833F25-469C-0328-8BA8-EF344E59B169}") = "StarArrena v6.7", "Assembly-UnityScript.unityproj", "{438D2904-78FC-7153-2753-355C0D934536}"
EndProject
Global
	GlobalSection(SolutionConfigurationPlatforms) = preSolution
		Debug|Any CPU = Debug|Any CPU
		Release|Any CPU = Release|Any CPU
	EndGlobalSection
	GlobalSection(ProjectConfigurationPlatforms) = postSolution
		{883FB144-D3A2-48E0-5AC0-ACD048A4EE5D}.Debug|Any CPU.ActiveCfg = Debug|Any CPU
		{883FB144-D3A2-48E0-5AC0-ACD048A4EE5D}.Debug|Any CPU.Build.0 = Debug|Any CPU
		{883FB144-D3A2-48E0-5AC0-ACD048A4EE5D}.Release|Any CPU.ActiveCfg = Release|Any CPU
		{883FB144-D3A2-48E0-5AC0-ACD048A4EE5D}.Release|Any CPU.Build.0 = Release|Any CPU
		{7364CB7F-B394-9C38-553B-4A57000CEB55}.Debug|Any CPU.ActiveCfg = Debug|Any CPU
		{7364CB7F-B394-9C38-553B-4A57000CEB55}.Debug|Any CPU.Build.0 = Debug|Any CPU
		{7364CB7F-B394-9C38-553B-4A57000CEB55}.Release|Any CPU.ActiveCfg = Release|Any CPU
		{7364CB7F-B394-9C38-553B-4A57000CEB55}.Release|Any CPU.Build.0 = Release|Any CPU
		{2DEB9057-35D1-D26E-30C9-D2B11A3BE8E7}.Debug|Any CPU.ActiveCfg = Debug|Any CPU
		{2DEB9057-35D1-D26E-30C9-D2B11A3BE8E7}.Debug|Any CPU.Build.0 = Debug|Any CPU
		{2DEB9057-35D1-D26E-30C9-D2B11A3BE8E7}.Release|Any CPU.ActiveCfg = Release|Any CPU
		{2DEB9057-35D1-D26E-30C9-D2B11A3BE8E7}.Release|Any CPU.Build.0 = Release|Any CPU
		{438D2904-78FC-7153-2753-355C0D934536}.Debug|Any CPU.ActiveCfg = Debug|Any CPU
		{438D2904-78FC-7153-2753-355C0D934536}.Debug|Any CPU.Build.0 = Debug|Any CPU
		{438D2904-78FC-7153-2753-355C0D934536}.Release|Any CPU.ActiveCfg = Release|Any CPU
		{438D2904-78FC-7153-2753-355C0D934536}.Release|Any CPU.Build.0 = Release|Any CPU
	EndGlobalSection
	GlobalSection(SolutionProperties) = preSolution
		HideSolutionNode = FALSE
	EndGlobalSection
	
EndGlobal
