Microsoft Visual Studio Solution File, Format Version 11.00
# Visual Studio 2008

Project("{31631DAC-854A-E01A-AAA2-368CCB234261}") = "StarArena v5.2", "Assembly-CSharp-firstpass-vs.csproj", "{F9B517F9-5495-1854-5809-606C22FE0DE5}"
EndProject
Project("{31631DAC-854A-E01A-AAA2-368CCB234261}") = "StarArena v5.2", "Assembly-CSharp-vs.csproj", "{6FD5A3AC-99F6-5688-AD48-3F0CD1393D1E}"
EndProject
Global
	GlobalSection(SolutionConfigurationPlatforms) = preSolution
		Debug|Any CPU = Debug|Any CPU
		Release|Any CPU = Release|Any CPU
	EndGlobalSection
	GlobalSection(ProjectConfigurationPlatforms) = postSolution
		{F9B517F9-5495-1854-5809-606C22FE0DE5}.Debug|Any CPU.ActiveCfg = Debug|Any CPU
		{F9B517F9-5495-1854-5809-606C22FE0DE5}.Debug|Any CPU.Build.0 = Debug|Any CPU
		{F9B517F9-5495-1854-5809-606C22FE0DE5}.Release|Any CPU.ActiveCfg = Release|Any CPU
		{F9B517F9-5495-1854-5809-606C22FE0DE5}.Release|Any CPU.Build.0 = Release|Any CPU
		{6FD5A3AC-99F6-5688-AD48-3F0CD1393D1E}.Debug|Any CPU.ActiveCfg = Debug|Any CPU
		{6FD5A3AC-99F6-5688-AD48-3F0CD1393D1E}.Debug|Any CPU.Build.0 = Debug|Any CPU
		{6FD5A3AC-99F6-5688-AD48-3F0CD1393D1E}.Release|Any CPU.ActiveCfg = Release|Any CPU
		{6FD5A3AC-99F6-5688-AD48-3F0CD1393D1E}.Release|Any CPU.Build.0 = Release|Any CPU
	EndGlobalSection
	GlobalSection(SolutionProperties) = preSolution
		HideSolutionNode = FALSE
	EndGlobalSection
	
EndGlobal
