Microsoft Visual Studio Solution File, Format Version 11.00
# Visual Studio 2008

Project("{F043AD30-2932-29E2-AE1A-5F5F4840E3B8}") = "Star Arena_MASTER", "Assembly-CSharp-firstpass.csproj", "{BB8F09EF-B044-78FC-5103-CD08D4F0A045}"
EndProject
Project("{F043AD30-2932-29E2-AE1A-5F5F4840E3B8}") = "Star Arena_MASTER", "Assembly-CSharp.csproj", "{A0A6C3F5-3E33-FEA5-5B8B-468E3D542F98}"
EndProject
Project("{F043AD30-2932-29E2-AE1A-5F5F4840E3B8}") = "Star Arena_MASTER", "Assembly-CSharp-Editor.csproj", "{335986D9-CAC9-871F-CFA0-2A9C9299B152}"
EndProject
Project("{F043AD30-2932-29E2-AE1A-5F5F4840E3B8}") = "Star Arena_MASTER", "Assembly-UnityScript-firstpass.unityproj", "{C9C0C840-5550-55E1-90B7-4195A1D35C9E}"
EndProject
Project("{F043AD30-2932-29E2-AE1A-5F5F4840E3B8}") = "Star Arena_MASTER", "Assembly-UnityScript.unityproj", "{EC2ABED9-8C5E-0E07-8F54-A8FE7089EEC3}"
EndProject
Project("{F043AD30-2932-29E2-AE1A-5F5F4840E3B8}") = "Star Arena_MASTER", "Assembly-UnityScript-Editor.unityproj", "{DB3753C6-637E-453C-EA37-3641F4F40815}"
EndProject
Global
	GlobalSection(SolutionConfigurationPlatforms) = preSolution
		Debug|Any CPU = Debug|Any CPU
		Release|Any CPU = Release|Any CPU
	EndGlobalSection
	GlobalSection(ProjectConfigurationPlatforms) = postSolution
		{BB8F09EF-B044-78FC-5103-CD08D4F0A045}.Debug|Any CPU.ActiveCfg = Debug|Any CPU
		{BB8F09EF-B044-78FC-5103-CD08D4F0A045}.Debug|Any CPU.Build.0 = Debug|Any CPU
		{BB8F09EF-B044-78FC-5103-CD08D4F0A045}.Release|Any CPU.ActiveCfg = Release|Any CPU
		{BB8F09EF-B044-78FC-5103-CD08D4F0A045}.Release|Any CPU.Build.0 = Release|Any CPU
		{A0A6C3F5-3E33-FEA5-5B8B-468E3D542F98}.Debug|Any CPU.ActiveCfg = Debug|Any CPU
		{A0A6C3F5-3E33-FEA5-5B8B-468E3D542F98}.Debug|Any CPU.Build.0 = Debug|Any CPU
		{A0A6C3F5-3E33-FEA5-5B8B-468E3D542F98}.Release|Any CPU.ActiveCfg = Release|Any CPU
		{A0A6C3F5-3E33-FEA5-5B8B-468E3D542F98}.Release|Any CPU.Build.0 = Release|Any CPU
		{335986D9-CAC9-871F-CFA0-2A9C9299B152}.Debug|Any CPU.ActiveCfg = Debug|Any CPU
		{335986D9-CAC9-871F-CFA0-2A9C9299B152}.Debug|Any CPU.Build.0 = Debug|Any CPU
		{335986D9-CAC9-871F-CFA0-2A9C9299B152}.Release|Any CPU.ActiveCfg = Release|Any CPU
		{335986D9-CAC9-871F-CFA0-2A9C9299B152}.Release|Any CPU.Build.0 = Release|Any CPU
		{C9C0C840-5550-55E1-90B7-4195A1D35C9E}.Debug|Any CPU.ActiveCfg = Debug|Any CPU
		{C9C0C840-5550-55E1-90B7-4195A1D35C9E}.Debug|Any CPU.Build.0 = Debug|Any CPU
		{C9C0C840-5550-55E1-90B7-4195A1D35C9E}.Release|Any CPU.ActiveCfg = Release|Any CPU
		{C9C0C840-5550-55E1-90B7-4195A1D35C9E}.Release|Any CPU.Build.0 = Release|Any CPU
		{EC2ABED9-8C5E-0E07-8F54-A8FE7089EEC3}.Debug|Any CPU.ActiveCfg = Debug|Any CPU
		{EC2ABED9-8C5E-0E07-8F54-A8FE7089EEC3}.Debug|Any CPU.Build.0 = Debug|Any CPU
		{EC2ABED9-8C5E-0E07-8F54-A8FE7089EEC3}.Release|Any CPU.ActiveCfg = Release|Any CPU
		{EC2ABED9-8C5E-0E07-8F54-A8FE7089EEC3}.Release|Any CPU.Build.0 = Release|Any CPU
		{DB3753C6-637E-453C-EA37-3641F4F40815}.Debug|Any CPU.ActiveCfg = Debug|Any CPU
		{DB3753C6-637E-453C-EA37-3641F4F40815}.Debug|Any CPU.Build.0 = Debug|Any CPU
		{DB3753C6-637E-453C-EA37-3641F4F40815}.Release|Any CPU.ActiveCfg = Release|Any CPU
		{DB3753C6-637E-453C-EA37-3641F4F40815}.Release|Any CPU.Build.0 = Release|Any CPU
	EndGlobalSection
	GlobalSection(SolutionProperties) = preSolution
		HideSolutionNode = FALSE
	EndGlobalSection
											GlobalSection(MonoDevelopProperties) = preSolution
		StartupItem = Assembly-CSharp.csproj
		Policies = $0
		$0.TextStylePolicy = $1
		$1.inheritsSet = null
		$1.scope = text/x-csharp
		$0.CSharpFormattingPolicy = $2
		$2.inheritsSet = Mono
		$2.inheritsScope = text/x-csharp
		$2.scope = text/x-csharp
		$0.TextStylePolicy = $3
		$3.FileWidth = 120
		$3.TabWidth = 4
		$3.EolMarker = Unix
		$3.inheritsSet = Mono
		$3.inheritsScope = text/plain
		$3.scope = text/plain
	EndGlobalSection

EndGlobal
